// !$*UTF8*$!
{
	archiveVersion = 1;
	classes = {
	};
	objectVersion = 46;
	objects = {

/* Begin PBXBuildFile section */
		6F264F571D274CCA006509D0 /* AppDelegate.swift in Sources */ = {isa = PBXBuildFile; fileRef = 6F264F561D274CCA006509D0 /* AppDelegate.swift */; };
		6F264F591D274CCA006509D0 /* ViewController.swift in Sources */ = {isa = PBXBuildFile; fileRef = 6F264F581D274CCA006509D0 /* ViewController.swift */; };
		6F264F5C1D274CCA006509D0 /* Main.storyboard in Resources */ = {isa = PBXBuildFile; fileRef = 6F264F5A1D274CCA006509D0 /* Main.storyboard */; };
		6F264F5E1D274CCA006509D0 /* Assets.xcassets in Resources */ = {isa = PBXBuildFile; fileRef = 6F264F5D1D274CCA006509D0 /* Assets.xcassets */; };
		6F264F611D274CCA006509D0 /* LaunchScreen.storyboard in Resources */ = {isa = PBXBuildFile; fileRef = 6F264F5F1D274CCA006509D0 /* LaunchScreen.storyboard */; };
		6F264F6C1D274CCA006509D0 /* HomeworkManagerTests.swift in Sources */ = {isa = PBXBuildFile; fileRef = 6F264F6B1D274CCA006509D0 /* HomeworkManagerTests.swift */; };
		6F264F771D274CCA006509D0 /* HomeworkManagerUITests.swift in Sources */ = {isa = PBXBuildFile; fileRef = 6F264F761D274CCA006509D0 /* HomeworkManagerUITests.swift */; };
		6F264F881D2766EC006509D0 /* Realm.framework in Frameworks */ = {isa = PBXBuildFile; fileRef = 6F264F861D2766EC006509D0 /* Realm.framework */; };
		6F264F891D2766EC006509D0 /* RealmSwift.framework in Frameworks */ = {isa = PBXBuildFile; fileRef = 6F264F871D2766EC006509D0 /* RealmSwift.framework */; };
		AAE29B828CBA1FDB68D8F924 /* Pods_HomeworkManagerTests.framework in Frameworks */ = {isa = PBXBuildFile; fileRef = 69CFE211446D052E954E88EE /* Pods_HomeworkManagerTests.framework */; };
		B1E632DCBC4FE8CE9E7602CD /* Pods_HomeworkManager.framework in Frameworks */ = {isa = PBXBuildFile; fileRef = BDA04172D020EBEA84E4F9F2 /* Pods_HomeworkManager.framework */; };
		C7F2AA645F66BBEB2F9BBC2D /* Pods_HomeworkManagerUITests.framework in Frameworks */ = {isa = PBXBuildFile; fileRef = A211366FD469AAF9C4F045D0 /* Pods_HomeworkManagerUITests.framework */; };
/* End PBXBuildFile section */

/* Begin PBXContainerItemProxy section */
		6F264F681D274CCA006509D0 /* PBXContainerItemProxy */ = {
			isa = PBXContainerItemProxy;
			containerPortal = 6F264F4B1D274CCA006509D0 /* Project object */;
			proxyType = 1;
			remoteGlobalIDString = 6F264F521D274CCA006509D0;
			remoteInfo = HomeworkManager;
		};
		6F264F731D274CCA006509D0 /* PBXContainerItemProxy */ = {
			isa = PBXContainerItemProxy;
			containerPortal = 6F264F4B1D274CCA006509D0 /* Project object */;
			proxyType = 1;
			remoteGlobalIDString = 6F264F521D274CCA006509D0;
			remoteInfo = HomeworkManager;
		};
/* End PBXContainerItemProxy section */

/* Begin PBXFileReference section */
		3733F378FD71A892B6124BBD /* Pods-HomeworkManager.debug.xcconfig */ = {isa = PBXFileReference; includeInIndex = 1; lastKnownFileType = text.xcconfig; name = "Pods-HomeworkManager.debug.xcconfig"; path = "Pods/Target Support Files/Pods-HomeworkManager/Pods-HomeworkManager.debug.xcconfig"; sourceTree = "<group>"; };
		4114E5BC0384DE8B52C00B69 /* Pods-HomeworkManager.release.xcconfig */ = {isa = PBXFileReference; includeInIndex = 1; lastKnownFileType = text.xcconfig; name = "Pods-HomeworkManager.release.xcconfig"; path = "Pods/Target Support Files/Pods-HomeworkManager/Pods-HomeworkManager.release.xcconfig"; sourceTree = "<group>"; };
		54A007319CEC362A2F23B467 /* Pods-HomeworkManagerUITests.debug.xcconfig */ = {isa = PBXFileReference; includeInIndex = 1; lastKnownFileType = text.xcconfig; name = "Pods-HomeworkManagerUITests.debug.xcconfig"; path = "Pods/Target Support Files/Pods-HomeworkManagerUITests/Pods-HomeworkManagerUITests.debug.xcconfig"; sourceTree = "<group>"; };
		69CFE211446D052E954E88EE /* Pods_HomeworkManagerTests.framework */ = {isa = PBXFileReference; explicitFileType = wrapper.framework; includeInIndex = 0; path = Pods_HomeworkManagerTests.framework; sourceTree = BUILT_PRODUCTS_DIR; };
		6F264F531D274CCA006509D0 /* HomeworkManager.app */ = {isa = PBXFileReference; explicitFileType = wrapper.application; includeInIndex = 0; path = HomeworkManager.app; sourceTree = BUILT_PRODUCTS_DIR; };
		6F264F561D274CCA006509D0 /* AppDelegate.swift */ = {isa = PBXFileReference; lastKnownFileType = sourcecode.swift; path = AppDelegate.swift; sourceTree = "<group>"; };
		6F264F581D274CCA006509D0 /* ViewController.swift */ = {isa = PBXFileReference; lastKnownFileType = sourcecode.swift; path = ViewController.swift; sourceTree = "<group>"; };
		6F264F5B1D274CCA006509D0 /* Base */ = {isa = PBXFileReference; lastKnownFileType = file.storyboard; name = Base; path = Base.lproj/Main.storyboard; sourceTree = "<group>"; };
		6F264F5D1D274CCA006509D0 /* Assets.xcassets */ = {isa = PBXFileReference; lastKnownFileType = folder.assetcatalog; path = Assets.xcassets; sourceTree = "<group>"; };
		6F264F601D274CCA006509D0 /* Base */ = {isa = PBXFileReference; lastKnownFileType = file.storyboard; name = Base; path = Base.lproj/LaunchScreen.storyboard; sourceTree = "<group>"; };
		6F264F621D274CCA006509D0 /* Info.plist */ = {isa = PBXFileReference; lastKnownFileType = text.plist.xml; path = Info.plist; sourceTree = "<group>"; };
		6F264F671D274CCA006509D0 /* HomeworkManagerTests.xctest */ = {isa = PBXFileReference; explicitFileType = wrapper.cfbundle; includeInIndex = 0; path = HomeworkManagerTests.xctest; sourceTree = BUILT_PRODUCTS_DIR; };
		6F264F6B1D274CCA006509D0 /* HomeworkManagerTests.swift */ = {isa = PBXFileReference; lastKnownFileType = sourcecode.swift; path = HomeworkManagerTests.swift; sourceTree = "<group>"; };
		6F264F6D1D274CCA006509D0 /* Info.plist */ = {isa = PBXFileReference; lastKnownFileType = text.plist.xml; path = Info.plist; sourceTree = "<group>"; };
		6F264F721D274CCA006509D0 /* HomeworkManagerUITests.xctest */ = {isa = PBXFileReference; explicitFileType = wrapper.cfbundle; includeInIndex = 0; path = HomeworkManagerUITests.xctest; sourceTree = BUILT_PRODUCTS_DIR; };
		6F264F761D274CCA006509D0 /* HomeworkManagerUITests.swift */ = {isa = PBXFileReference; lastKnownFileType = sourcecode.swift; path = HomeworkManagerUITests.swift; sourceTree = "<group>"; };
		6F264F781D274CCA006509D0 /* Info.plist */ = {isa = PBXFileReference; lastKnownFileType = text.plist.xml; path = Info.plist; sourceTree = "<group>"; };
		6F264F861D2766EC006509D0 /* Realm.framework */ = {isa = PBXFileReference; lastKnownFileType = wrapper.framework; name = Realm.framework; path = "Build/Products/Debug-iphonesimulator/Realm/Realm.framework"; sourceTree = "<group>"; };
		6F264F871D2766EC006509D0 /* RealmSwift.framework */ = {isa = PBXFileReference; lastKnownFileType = wrapper.framework; name = RealmSwift.framework; path = "Build/Products/Debug-iphonesimulator/RealmSwift/RealmSwift.framework"; sourceTree = "<group>"; };
		7E6E28BD80A798FAD40F5248 /* Pods-HomeworkManagerTests.release.xcconfig */ = {isa = PBXFileReference; includeInIndex = 1; lastKnownFileType = text.xcconfig; name = "Pods-HomeworkManagerTests.release.xcconfig"; path = "Pods/Target Support Files/Pods-HomeworkManagerTests/Pods-HomeworkManagerTests.release.xcconfig"; sourceTree = "<group>"; };
		90CBC98A4DA0928E0928F435 /* Pods-HomeworkManagerTests.debug.xcconfig */ = {isa = PBXFileReference; includeInIndex = 1; lastKnownFileType = text.xcconfig; name = "Pods-HomeworkManagerTests.debug.xcconfig"; path = "Pods/Target Support Files/Pods-HomeworkManagerTests/Pods-HomeworkManagerTests.debug.xcconfig"; sourceTree = "<group>"; };
		A211366FD469AAF9C4F045D0 /* Pods_HomeworkManagerUITests.framework */ = {isa = PBXFileReference; explicitFileType = wrapper.framework; includeInIndex = 0; path = Pods_HomeworkManagerUITests.framework; sourceTree = BUILT_PRODUCTS_DIR; };
		BDA04172D020EBEA84E4F9F2 /* Pods_HomeworkManager.framework */ = {isa = PBXFileReference; explicitFileType = wrapper.framework; includeInIndex = 0; path = Pods_HomeworkManager.framework; sourceTree = BUILT_PRODUCTS_DIR; };
		E4BF25799A1331E9CE2A5CE7 /* Pods-HomeworkManagerUITests.release.xcconfig */ = {isa = PBXFileReference; includeInIndex = 1; lastKnownFileType = text.xcconfig; name = "Pods-HomeworkManagerUITests.release.xcconfig"; path = "Pods/Target Support Files/Pods-HomeworkManagerUITests/Pods-HomeworkManagerUITests.release.xcconfig"; sourceTree = "<group>"; };
/* End PBXFileReference section */

/* Begin PBXFrameworksBuildPhase section */
		6F264F501D274CCA006509D0 /* Frameworks */ = {
			isa = PBXFrameworksBuildPhase;
			buildActionMask = 2147483647;
			files = (
				6F264F881D2766EC006509D0 /* Realm.framework in Frameworks */,
				6F264F891D2766EC006509D0 /* RealmSwift.framework in Frameworks */,
				B1E632DCBC4FE8CE9E7602CD /* Pods_HomeworkManager.framework in Frameworks */,
			);
			runOnlyForDeploymentPostprocessing = 0;
		};
		6F264F641D274CCA006509D0 /* Frameworks */ = {
			isa = PBXFrameworksBuildPhase;
			buildActionMask = 2147483647;
			files = (
				AAE29B828CBA1FDB68D8F924 /* Pods_HomeworkManagerTests.framework in Frameworks */,
			);
			runOnlyForDeploymentPostprocessing = 0;
		};
		6F264F6F1D274CCA006509D0 /* Frameworks */ = {
			isa = PBXFrameworksBuildPhase;
			buildActionMask = 2147483647;
			files = (
				C7F2AA645F66BBEB2F9BBC2D /* Pods_HomeworkManagerUITests.framework in Frameworks */,
			);
			runOnlyForDeploymentPostprocessing = 0;
		};
/* End PBXFrameworksBuildPhase section */

/* Begin PBXGroup section */
		31CD278A94FFFB254E6944C0 /* Frameworks */ = {
			isa = PBXGroup;
			children = (
				6F264F861D2766EC006509D0 /* Realm.framework */,
				6F264F871D2766EC006509D0 /* RealmSwift.framework */,
				BDA04172D020EBEA84E4F9F2 /* Pods_HomeworkManager.framework */,
				69CFE211446D052E954E88EE /* Pods_HomeworkManagerTests.framework */,
				A211366FD469AAF9C4F045D0 /* Pods_HomeworkManagerUITests.framework */,
			);
			name = Frameworks;
			sourceTree = "<group>";
		};
		6F264F4A1D274CCA006509D0 = {
			isa = PBXGroup;
			children = (
				6F264F551D274CCA006509D0 /* HomeworkManager */,
				6F264F6A1D274CCA006509D0 /* HomeworkManagerTests */,
				6F264F751D274CCA006509D0 /* HomeworkManagerUITests */,
				6F264F541D274CCA006509D0 /* Products */,
				B1A075D188D000735C89F746 /* Pods */,
				31CD278A94FFFB254E6944C0 /* Frameworks */,
			);
			sourceTree = "<group>";
		};
		6F264F541D274CCA006509D0 /* Products */ = {
			isa = PBXGroup;
			children = (
				6F264F531D274CCA006509D0 /* HomeworkManager.app */,
				6F264F671D274CCA006509D0 /* HomeworkManagerTests.xctest */,
				6F264F721D274CCA006509D0 /* HomeworkManagerUITests.xctest */,
			);
			name = Products;
			sourceTree = "<group>";
		};
		6F264F551D274CCA006509D0 /* HomeworkManager */ = {
			isa = PBXGroup;
			children = (
				6F264F561D274CCA006509D0 /* AppDelegate.swift */,
				6F264F581D274CCA006509D0 /* ViewController.swift */,
				6F264F5A1D274CCA006509D0 /* Main.storyboard */,
				6F264F5D1D274CCA006509D0 /* Assets.xcassets */,
				6F264F5F1D274CCA006509D0 /* LaunchScreen.storyboard */,
				6F264F621D274CCA006509D0 /* Info.plist */,
			);
			path = HomeworkManager;
			sourceTree = "<group>";
		};
		6F264F6A1D274CCA006509D0 /* HomeworkManagerTests */ = {
			isa = PBXGroup;
			children = (
				6F264F6B1D274CCA006509D0 /* HomeworkManagerTests.swift */,
				6F264F6D1D274CCA006509D0 /* Info.plist */,
			);
			path = HomeworkManagerTests;
			sourceTree = "<group>";
		};
		6F264F751D274CCA006509D0 /* HomeworkManagerUITests */ = {
			isa = PBXGroup;
			children = (
				6F264F761D274CCA006509D0 /* HomeworkManagerUITests.swift */,
				6F264F781D274CCA006509D0 /* Info.plist */,
			);
			path = HomeworkManagerUITests;
			sourceTree = "<group>";
		};
		B1A075D188D000735C89F746 /* Pods */ = {
			isa = PBXGroup;
			children = (
				3733F378FD71A892B6124BBD /* Pods-HomeworkManager.debug.xcconfig */,
				4114E5BC0384DE8B52C00B69 /* Pods-HomeworkManager.release.xcconfig */,
				90CBC98A4DA0928E0928F435 /* Pods-HomeworkManagerTests.debug.xcconfig */,
				7E6E28BD80A798FAD40F5248 /* Pods-HomeworkManagerTests.release.xcconfig */,
				54A007319CEC362A2F23B467 /* Pods-HomeworkManagerUITests.debug.xcconfig */,
				E4BF25799A1331E9CE2A5CE7 /* Pods-HomeworkManagerUITests.release.xcconfig */,
			);
			name = Pods;
			sourceTree = "<group>";
		};
/* End PBXGroup section */

/* Begin PBXNativeTarget section */
		6F264F521D274CCA006509D0 /* HomeworkManager */ = {
			isa = PBXNativeTarget;
			buildConfigurationList = 6F264F7B1D274CCA006509D0 /* Build configuration list for PBXNativeTarget "HomeworkManager" */;
			buildPhases = (
				F9238868AF220F3B75A1691B /* [CP] Check Pods Manifest.lock */,
				6F264F4F1D274CCA006509D0 /* Sources */,
				6F264F501D274CCA006509D0 /* Frameworks */,
				6F264F511D274CCA006509D0 /* Resources */,
				49593AE1FC8B0595F7922071 /* [CP] Embed Pods Frameworks */,
				82FC7371A96AC003AADB796A /* [CP] Copy Pods Resources */,
			);
			buildRules = (
			);
			dependencies = (
			);
			name = HomeworkManager;
			productName = HomeworkManager;
			productReference = 6F264F531D274CCA006509D0 /* HomeworkManager.app */;
			productType = "com.apple.product-type.application";
		};
		6F264F661D274CCA006509D0 /* HomeworkManagerTests */ = {
			isa = PBXNativeTarget;
			buildConfigurationList = 6F264F7E1D274CCA006509D0 /* Build configuration list for PBXNativeTarget "HomeworkManagerTests" */;
			buildPhases = (
				349BA2674EC159143E90C134 /* [CP] Check Pods Manifest.lock */,
				6F264F631D274CCA006509D0 /* Sources */,
				6F264F641D274CCA006509D0 /* Frameworks */,
				6F264F651D274CCA006509D0 /* Resources */,
				12389CD114D0EB861FAF174B /* [CP] Embed Pods Frameworks */,
				F81DE54345F96ECB36C41FAE /* [CP] Copy Pods Resources */,
			);
			buildRules = (
			);
			dependencies = (
				6F264F691D274CCA006509D0 /* PBXTargetDependency */,
			);
			name = HomeworkManagerTests;
			productName = HomeworkManagerTests;
			productReference = 6F264F671D274CCA006509D0 /* HomeworkManagerTests.xctest */;
			productType = "com.apple.product-type.bundle.unit-test";
		};
		6F264F711D274CCA006509D0 /* HomeworkManagerUITests */ = {
			isa = PBXNativeTarget;
			buildConfigurationList = 6F264F811D274CCA006509D0 /* Build configuration list for PBXNativeTarget "HomeworkManagerUITests" */;
			buildPhases = (
				70E3544285C0AAA90284D8A1 /* [CP] Check Pods Manifest.lock */,
				6F264F6E1D274CCA006509D0 /* Sources */,
				6F264F6F1D274CCA006509D0 /* Frameworks */,
				6F264F701D274CCA006509D0 /* Resources */,
				1E3968167414D4FB0B012406 /* [CP] Copy Pods Resources */,
			);
			buildRules = (
			);
			dependencies = (
				6F264F741D274CCA006509D0 /* PBXTargetDependency */,
			);
			name = HomeworkManagerUITests;
			productName = HomeworkManagerUITests;
			productReference = 6F264F721D274CCA006509D0 /* HomeworkManagerUITests.xctest */;
			productType = "com.apple.product-type.bundle.ui-testing";
		};
/* End PBXNativeTarget section */

/* Begin PBXProject section */
		6F264F4B1D274CCA006509D0 /* Project object */ = {
			isa = PBXProject;
			attributes = {
				LastSwiftUpdateCheck = 0730;
				LastUpgradeCheck = 0730;
				ORGANIZATIONNAME = "takayuki abe";
				TargetAttributes = {
					6F264F521D274CCA006509D0 = {
						CreatedOnToolsVersion = 7.3.1;
					};
					6F264F661D274CCA006509D0 = {
						CreatedOnToolsVersion = 7.3.1;
						TestTargetID = 6F264F521D274CCA006509D0;
					};
					6F264F711D274CCA006509D0 = {
						CreatedOnToolsVersion = 7.3.1;
						TestTargetID = 6F264F521D274CCA006509D0;
					};
				};
			};
			buildConfigurationList = 6F264F4E1D274CCA006509D0 /* Build configuration list for PBXProject "HomeworkManager" */;
			compatibilityVersion = "Xcode 3.2";
			developmentRegion = English;
			hasScannedForEncodings = 0;
			knownRegions = (
				en,
				Base,
			);
			mainGroup = 6F264F4A1D274CCA006509D0;
			productRefGroup = 6F264F541D274CCA006509D0 /* Products */;
			projectDirPath = "";
			projectRoot = "";
			targets = (
				6F264F521D274CCA006509D0 /* HomeworkManager */,
				6F264F661D274CCA006509D0 /* HomeworkManagerTests */,
				6F264F711D274CCA006509D0 /* HomeworkManagerUITests */,
			);
		};
/* End PBXProject section */

/* Begin PBXResourcesBuildPhase section */
		6F264F511D274CCA006509D0 /* Resources */ = {
			isa = PBXResourcesBuildPhase;
			buildActionMask = 2147483647;
			files = (
				6F264F611D274CCA006509D0 /* LaunchScreen.storyboard in Resources */,
				6F264F5E1D274CCA006509D0 /* Assets.xcassets in Resources */,
				6F264F5C1D274CCA006509D0 /* Main.storyboard in Resources */,
			);
			runOnlyForDeploymentPostprocessing = 0;
		};
		6F264F651D274CCA006509D0 /* Resources */ = {
			isa = PBXResourcesBuildPhase;
			buildActionMask = 2147483647;
			files = (
			);
			runOnlyForDeploymentPostprocessing = 0;
		};
		6F264F701D274CCA006509D0 /* Resources */ = {
			isa = PBXResourcesBuildPhase;
			buildActionMask = 2147483647;
			files = (
			);
			runOnlyForDeploymentPostprocessing = 0;
		};
/* End PBXResourcesBuildPhase section */

/* Begin PBXShellScriptBuildPhase section */
		12389CD114D0EB861FAF174B /* [CP] Embed Pods Frameworks */ = {
			isa = PBXShellScriptBuildPhase;
			buildActionMask = 2147483647;
			files = (
			);
			inputPaths = (
			);
			name = "[CP] Embed Pods Frameworks";
			outputPaths = (
			);
			runOnlyForDeploymentPostprocessing = 0;
			shellPath = /bin/sh;
			shellScript = "\"${SRCROOT}/Pods/Target Support Files/Pods-HomeworkManagerTests/Pods-HomeworkManagerTests-frameworks.sh\"\n";
			showEnvVarsInLog = 0;
		};
		1E3968167414D4FB0B012406 /* [CP] Copy Pods Resources */ = {
			isa = PBXShellScriptBuildPhase;
			buildActionMask = 2147483647;
			files = (
			);
			inputPaths = (
			);
			name = "[CP] Copy Pods Resources";
			outputPaths = (
			);
			runOnlyForDeploymentPostprocessing = 0;
			shellPath = /bin/sh;
			shellScript = "\"${SRCROOT}/Pods/Target Support Files/Pods-HomeworkManagerUITests/Pods-HomeworkManagerUITests-resources.sh\"\n";
			showEnvVarsInLog = 0;
		};
		349BA2674EC159143E90C134 /* [CP] Check Pods Manifest.lock */ = {
			isa = PBXShellScriptBuildPhase;
			buildActionMask = 2147483647;
			files = (
			);
			inputPaths = (
			);
			name = "[CP] Check Pods Manifest.lock";
			outputPaths = (
			);
			runOnlyForDeploymentPostprocessing = 0;
			shellPath = /bin/sh;
			shellScript = "diff \"${PODS_ROOT}/../Podfile.lock\" \"${PODS_ROOT}/Manifest.lock\" > /dev/null\nif [[ $? != 0 ]] ; then\n    cat << EOM\nerror: The sandbox is not in sync with the Podfile.lock. Run 'pod install' or update your CocoaPods installation.\nEOM\n    exit 1\nfi\n";
			showEnvVarsInLog = 0;
		};
		49593AE1FC8B0595F7922071 /* [CP] Embed Pods Frameworks */ = {
			isa = PBXShellScriptBuildPhase;
			buildActionMask = 2147483647;
			files = (
			);
			inputPaths = (
			);
			name = "[CP] Embed Pods Frameworks";
			outputPaths = (
			);
			runOnlyForDeploymentPostprocessing = 0;
			shellPath = /bin/sh;
			shellScript = "\"${SRCROOT}/Pods/Target Support Files/Pods-HomeworkManager/Pods-HomeworkManager-frameworks.sh\"\n";
			showEnvVarsInLog = 0;
		};
		70E3544285C0AAA90284D8A1 /* [CP] Check Pods Manifest.lock */ = {
			isa = PBXShellScriptBuildPhase;
			buildActionMask = 2147483647;
			files = (
			);
			inputPaths = (
			);
			name = "[CP] Check Pods Manifest.lock";
			outputPaths = (
			);
			runOnlyForDeploymentPostprocessing = 0;
			shellPath = /bin/sh;
			shellScript = "diff \"${PODS_ROOT}/../Podfile.lock\" \"${PODS_ROOT}/Manifest.lock\" > /dev/null\nif [[ $? != 0 ]] ; then\n    cat << EOM\nerror: The sandbox is not in sync with the Podfile.lock. Run 'pod install' or update your CocoaPods installation.\nEOM\n    exit 1\nfi\n";
			showEnvVarsInLog = 0;
		};
		82FC7371A96AC003AADB796A /* [CP] Copy Pods Resources */ = {
			isa = PBXShellScriptBuildPhase;
			buildActionMask = 2147483647;
			files = (
			);
			inputPaths = (
			);
			name = "[CP] Copy Pods Resources";
			outputPaths = (
			);
			runOnlyForDeploymentPostprocessing = 0;
			shellPath = /bin/sh;
			shellScript = "\"${SRCROOT}/Pods/Target Support Files/Pods-HomeworkManager/Pods-HomeworkManager-resources.sh\"\n";
			showEnvVarsInLog = 0;
		};
		F81DE54345F96ECB36C41FAE /* [CP] Copy Pods Resources */ = {
			isa = PBXShellScriptBuildPhase;
			buildActionMask = 2147483647;
			files = (
			);
			inputPaths = (
			);
			name = "[CP] Copy Pods Resources";
			outputPaths = (
			);
			runOnlyForDeploymentPostprocessing = 0;
			shellPath = /bin/sh;
			shellScript = "\"${SRCROOT}/Pods/Target Support Files/Pods-HomeworkManagerTests/Pods-HomeworkManagerTests-resources.sh\"\n";
			showEnvVarsInLog = 0;
		};
		F9238868AF220F3B75A1691B /* [CP] Check Pods Manifest.lock */ = {
			isa = PBXShellScriptBuildPhase;
			buildActionMask = 2147483647;
			files = (
			);
			inputPaths = (
			);
			name = "[CP] Check Pods Manifest.lock";
			outputPaths = (
			);
			runOnlyForDeploymentPostprocessing = 0;
			shellPath = /bin/sh;
			shellScript = "diff \"${PODS_ROOT}/../Podfile.lock\" \"${PODS_ROOT}/Manifest.lock\" > /dev/null\nif [[ $? != 0 ]] ; then\n    cat << EOM\nerror: The sandbox is not in sync with the Podfile.lock. Run 'pod install' or update your CocoaPods installation.\nEOM\n    exit 1\nfi\n";
			showEnvVarsInLog = 0;
		};
/* End PBXShellScriptBuildPhase section */

/* Begin PBXSourcesBuildPhase section */
		6F264F4F1D274CCA006509D0 /* Sources */ = {
			isa = PBXSourcesBuildPhase;
			buildActionMask = 2147483647;
			files = (
				6F264F591D274CCA006509D0 /* ViewController.swift in Sources */,
				6F264F571D274CCA006509D0 /* AppDelegate.swift in Sources */,
			);
			runOnlyForDeploymentPostprocessing = 0;
		};
		6F264F631D274CCA006509D0 /* Sources */ = {
			isa = PBXSourcesBuildPhase;
			buildActionMask = 2147483647;
			files = (
				6F264F6C1D274CCA006509D0 /* HomeworkManagerTests.swift in Sources */,
			);
			runOnlyForDeploymentPostprocessing = 0;
		};
		6F264F6E1D274CCA006509D0 /* Sources */ = {
			isa = PBXSourcesBuildPhase;
			buildActionMask = 2147483647;
			files = (
				6F264F771D274CCA006509D0 /* HomeworkManagerUITests.swift in Sources */,
			);
			runOnlyForDeploymentPostprocessing = 0;
		};
/* End PBXSourcesBuildPhase section */

/* Begin PBXTargetDependency section */
		6F264F691D274CCA006509D0 /* PBXTargetDependency */ = {
			isa = PBXTargetDependency;
			target = 6F264F521D274CCA006509D0 /* HomeworkManager */;
			targetProxy = 6F264F681D274CCA006509D0 /* PBXContainerItemProxy */;
		};
		6F264F741D274CCA006509D0 /* PBXTargetDependency */ = {
			isa = PBXTargetDependency;
			target = 6F264F521D274CCA006509D0 /* HomeworkManager */;
			targetProxy = 6F264F731D274CCA006509D0 /* PBXContainerItemProxy */;
		};
/* End PBXTargetDependency section */

/* Begin PBXVariantGroup section */
		6F264F5A1D274CCA006509D0 /* Main.storyboard */ = {
			isa = PBXVariantGroup;
			children = (
				6F264F5B1D274CCA006509D0 /* Base */,
			);
			name = Main.storyboard;
			sourceTree = "<group>";
		};
		6F264F5F1D274CCA006509D0 /* LaunchScreen.storyboard */ = {
			isa = PBXVariantGroup;
			children = (
				6F264F601D274CCA006509D0 /* Base */,
			);
			name = LaunchScreen.storyboard;
			sourceTree = "<group>";
		};
/* End PBXVariantGroup section */

/* Begin XCBuildConfiguration section */
		6F264F791D274CCA006509D0 /* Debug */ = {
			isa = XCBuildConfiguration;
			buildSettings = {
				ALWAYS_SEARCH_USER_PATHS = NO;
				CLANG_ANALYZER_NONNULL = YES;
				CLANG_CXX_LANGUAGE_STANDARD = "gnu++0x";
				CLANG_CXX_LIBRARY = "libc++";
				CLANG_ENABLE_MODULES = YES;
				CLANG_ENABLE_OBJC_ARC = YES;
				CLANG_WARN_BOOL_CONVERSION = YES;
				CLANG_WARN_CONSTANT_CONVERSION = YES;
				CLANG_WARN_DIRECT_OBJC_ISA_USAGE = YES_ERROR;
				CLANG_WARN_EMPTY_BODY = YES;
				CLANG_WARN_ENUM_CONVERSION = YES;
				CLANG_WARN_INT_CONVERSION = YES;
				CLANG_WARN_OBJC_ROOT_CLASS = YES_ERROR;
				CLANG_WARN_UNREACHABLE_CODE = YES;
				CLANG_WARN__DUPLICATE_METHOD_MATCH = YES;
				"CODE_SIGN_IDENTITY[sdk=iphoneos*]" = "iPhone Developer";
				COPY_PHASE_STRIP = NO;
				DEBUG_INFORMATION_FORMAT = dwarf;
				ENABLE_STRICT_OBJC_MSGSEND = YES;
				ENABLE_TESTABILITY = YES;
				GCC_C_LANGUAGE_STANDARD = gnu99;
				GCC_DYNAMIC_NO_PIC = NO;
				GCC_NO_COMMON_BLOCKS = YES;
				GCC_OPTIMIZATION_LEVEL = 0;
				GCC_PREPROCESSOR_DEFINITIONS = (
					"DEBUG=1",
					"$(inherited)",
				);
				GCC_WARN_64_TO_32_BIT_CONVERSION = YES;
				GCC_WARN_ABOUT_RETURN_TYPE = YES_ERROR;
				GCC_WARN_UNDECLARED_SELECTOR = YES;
				GCC_WARN_UNINITIALIZED_AUTOS = YES_AGGRESSIVE;
				GCC_WARN_UNUSED_FUNCTION = YES;
				GCC_WARN_UNUSED_VARIABLE = YES;
				IPHONEOS_DEPLOYMENT_TARGET = 9.3;
				MTL_ENABLE_DEBUG_INFO = YES;
				ONLY_ACTIVE_ARCH = YES;
				SDKROOT = iphoneos;
				SWIFT_OPTIMIZATION_LEVEL = "-Onone";
				TARGETED_DEVICE_FAMILY = 2;
			};
			name = Debug;
		};
		6F264F7A1D274CCA006509D0 /* Release */ = {
			isa = XCBuildConfiguration;
			buildSettings = {
				ALWAYS_SEARCH_USER_PATHS = NO;
				CLANG_ANALYZER_NONNULL = YES;
				CLANG_CXX_LANGUAGE_STANDARD = "gnu++0x";
				CLANG_CXX_LIBRARY = "libc++";
				CLANG_ENABLE_MODULES = YES;
				CLANG_ENABLE_OBJC_ARC = YES;
				CLANG_WARN_BOOL_CONVERSION = YES;
				CLANG_WARN_CONSTANT_CONVERSION = YES;
				CLANG_WARN_DIRECT_OBJC_ISA_USAGE = YES_ERROR;
				CLANG_WARN_EMPTY_BODY = YES;
				CLANG_WARN_ENUM_CONVERSION = YES;
				CLANG_WARN_INT_CONVERSION = YES;
				CLANG_WARN_OBJC_ROOT_CLASS = YES_ERROR;
				CLANG_WARN_UNREACHABLE_CODE = YES;
				CLANG_WARN__DUPLICATE_METHOD_MATCH = YES;
				"CODE_SIGN_IDENTITY[sdk=iphoneos*]" = "iPhone Developer";
				COPY_PHASE_STRIP = NO;
				DEBUG_INFORMATION_FORMAT = "dwarf-with-dsym";
				ENABLE_NS_ASSERTIONS = NO;
				ENABLE_STRICT_OBJC_MSGSEND = YES;
				GCC_C_LANGUAGE_STANDARD = gnu99;
				GCC_NO_COMMON_BLOCKS = YES;
				GCC_WARN_64_TO_32_BIT_CONVERSION = YES;
				GCC_WARN_ABOUT_RETURN_TYPE = YES_ERROR;
				GCC_WARN_UNDECLARED_SELECTOR = YES;
				GCC_WARN_UNINITIALIZED_AUTOS = YES_AGGRESSIVE;
				GCC_WARN_UNUSED_FUNCTION = YES;
				GCC_WARN_UNUSED_VARIABLE = YES;
				IPHONEOS_DEPLOYMENT_TARGET = 9.3;
				MTL_ENABLE_DEBUG_INFO = NO;
				SDKROOT = iphoneos;
				TARGETED_DEVICE_FAMILY = 2;
				VALIDATE_PRODUCT = YES;
			};
			name = Release;
		};
		6F264F7C1D274CCA006509D0 /* Debug */ = {
			isa = XCBuildConfiguration;
			baseConfigurationReference = 3733F378FD71A892B6124BBD /* Pods-HomeworkManager.debug.xcconfig */;
			buildSettings = {
				ASSETCATALOG_COMPILER_APPICON_NAME = AppIcon;
				FRAMEWORK_SEARCH_PATHS = (
					"$(inherited)",
					"$(PROJECT_DIR)/Build/Products/Debug-iphonesimulator/Realm",
					"$(PROJECT_DIR)/Build/Products/Debug-iphonesimulator/RealmSwift",
				);
				INFOPLIST_FILE = HomeworkManager/Info.plist;
				LD_RUNPATH_SEARCH_PATHS = "$(inherited) @executable_path/Frameworks";
				PRODUCT_BUNDLE_IDENTIFIER = "jp.ac.tsukuba.coins-p.HomeworkManager";
				PRODUCT_NAME = "$(TARGET_NAME)";
			};
			name = Debug;
		};
		6F264F7D1D274CCA006509D0 /* Release */ = {
			isa = XCBuildConfiguration;
			baseConfigurationReference = 4114E5BC0384DE8B52C00B69 /* Pods-HomeworkManager.release.xcconfig */;
			buildSettings = {
				ASSETCATALOG_COMPILER_APPICON_NAME = AppIcon;
				FRAMEWORK_SEARCH_PATHS = (
					"$(inherited)",
					"$(PROJECT_DIR)/Build/Products/Debug-iphonesimulator/Realm",
					"$(PROJECT_DIR)/Build/Products/Debug-iphonesimulator/RealmSwift",
				);
				INFOPLIST_FILE = HomeworkManager/Info.plist;
				LD_RUNPATH_SEARCH_PATHS = "$(inherited) @executable_path/Frameworks";
				PRODUCT_BUNDLE_IDENTIFIER = "jp.ac.tsukuba.coins-p.HomeworkManager";
				PRODUCT_NAME = "$(TARGET_NAME)";
			};
			name = Release;
		};
		6F264F7F1D274CCA006509D0 /* Debug */ = {
			isa = XCBuildConfiguration;
			baseConfigurationReference = 90CBC98A4DA0928E0928F435 /* Pods-HomeworkManagerTests.debug.xcconfig */;
			buildSettings = {
				BUNDLE_LOADER = "$(TEST_HOST)";
				INFOPLIST_FILE = HomeworkManagerTests/Info.plist;
				LD_RUNPATH_SEARCH_PATHS = "$(inherited) @executable_path/Frameworks @loader_path/Frameworks";
				PRODUCT_BUNDLE_IDENTIFIER = "jp.ac.tsukuba.coins-p.HomeworkManagerTests";
				PRODUCT_NAME = "$(TARGET_NAME)";
				TEST_HOST = "$(BUILT_PRODUCTS_DIR)/HomeworkManager.app/HomeworkManager";
			};
			name = Debug;
		};
		6F264F801D274CCA006509D0 /* Release */ = {
			isa = XCBuildConfiguration;
			baseConfigurationReference = 7E6E28BD80A798FAD40F5248 /* Pods-HomeworkManagerTests.release.xcconfig */;
			buildSettings = {
				BUNDLE_LOADER = "$(TEST_HOST)";
				INFOPLIST_FILE = HomeworkManagerTests/Info.plist;
				LD_RUNPATH_SEARCH_PATHS = "$(inherited) @executable_path/Frameworks @loader_path/Frameworks";
				PRODUCT_BUNDLE_IDENTIFIER = "jp.ac.tsukuba.coins-p.HomeworkManagerTests";
				PRODUCT_NAME = "$(TARGET_NAME)";
				TEST_HOST = "$(BUILT_PRODUCTS_DIR)/HomeworkManager.app/HomeworkManager";
			};
			name = Release;
		};
		6F264F821D274CCA006509D0 /* Debug */ = {
			isa = XCBuildConfiguration;
			baseConfigurationReference = 54A007319CEC362A2F23B467 /* Pods-HomeworkManagerUITests.debug.xcconfig */;
			buildSettings = {
				INFOPLIST_FILE = HomeworkManagerUITests/Info.plist;
				LD_RUNPATH_SEARCH_PATHS = "$(inherited) @executable_path/Frameworks @loader_path/Frameworks";
				PRODUCT_BUNDLE_IDENTIFIER = "jp.ac.tsukuba.coins-p.HomeworkManagerUITests";
				PRODUCT_NAME = "$(TARGET_NAME)";
				TEST_TARGET_NAME = HomeworkManager;
			};
			name = Debug;
		};
		6F264F831D274CCA006509D0 /* Release */ = {
			isa = XCBuildConfiguration;
			baseConfigurationReference = E4BF25799A1331E9CE2A5CE7 /* Pods-HomeworkManagerUITests.release.xcconfig */;
			buildSettings = {
				INFOPLIST_FILE = HomeworkManagerUITests/Info.plist;
				LD_RUNPATH_SEARCH_PATHS = "$(inherited) @executable_path/Frameworks @loader_path/Frameworks";
				PRODUCT_BUNDLE_IDENTIFIER = "jp.ac.tsukuba.coins-p.HomeworkManagerUITests";
				PRODUCT_NAME = "$(TARGET_NAME)";
				TEST_TARGET_NAME = HomeworkManager;
			};
			name = Release;
		};
/* End XCBuildConfiguration section */

/* Begin XCConfigurationList section */
		6F264F4E1D274CCA006509D0 /* Build configuration list for PBXProject "HomeworkManager" */ = {
			isa = XCConfigurationList;
			buildConfigurations = (
				6F264F791D274CCA006509D0 /* Debug */,
				6F264F7A1D274CCA006509D0 /* Release */,
			);
			defaultConfigurationIsVisible = 0;
			defaultConfigurationName = Release;
		};
		6F264F7B1D274CCA006509D0 /* Build configuration list for PBXNativeTarget "HomeworkManager" */ = {
			isa = XCConfigurationList;
			buildConfigurations = (
				6F264F7C1D274CCA006509D0 /* Debug */,
				6F264F7D1D274CCA006509D0 /* Release */,
			);
			defaultConfigurationIsVisible = 0;
			defaultConfigurationName = Release;
		};
		6F264F7E1D274CCA006509D0 /* Build configuration list for PBXNativeTarget "HomeworkManagerTests" */ = {
			isa = XCConfigurationList;
			buildConfigurations = (
				6F264F7F1D274CCA006509D0 /* Debug */,
				6F264F801D274CCA006509D0 /* Release */,
			);
			defaultConfigurationIsVisible = 0;
			defaultConfigurationName = Release;
		};
		6F264F811D274CCA006509D0 /* Build configuration list for PBXNativeTarget "HomeworkManagerUITests" */ = {
			isa = XCConfigurationList;
			buildConfigurations = (
				6F264F821D274CCA006509D0 /* Debug */,
				6F264F831D274CCA006509D0 /* Release */,
			);
			defaultConfigurationIsVisible = 0;
			defaultConfigurationName = Release;
		};
/* End XCConfigurationList section */
	};
	rootObject = 6F264F4B1D274CCA006509D0 /* Project object */;
}
